
Microsoft Visual Studio Solution File, Format Version 12.00
# Visual Studio Version 16
VisualStudioVersion = 16.0.29519.87
MinimumVisualStudioVersion = 10.0.40219.1
Project("{FAE04EC0-301F-11D3-BF4B-00C04F79EFBC}") = "10_03_2020", "10_03_2020\10_03_2020.csproj", "{5E370439-63EA-414E-9AC1-478B4B65BC5A}"
EndProject
Project("{FAE04EC0-301F-11D3-BF4B-00C04F79EFBC}") = "BLL", "BLL\BLL.csproj", "{FA2E84B7-EF0F-4C12-86B8-54496460F62B}"
EndProject
Project("{FAE04EC0-301F-11D3-BF4B-00C04F79EFBC}") = "DAL", "DAL\DAL.csproj", "{372A8254-CE13-4505-9207-D7CA1F362DAA}"
EndProject
Global
	GlobalSection(SolutionConfigurationPlatforms) = preSolution
		Debug|Any CPU = Debug|Any CPU
		Release|Any CPU = Release|Any CPU
	EndGlobalSection
	GlobalSection(ProjectConfigurationPlatforms) = postSolution
		{5E370439-63EA-414E-9AC1-478B4B65BC5A}.Debug|Any CPU.ActiveCfg = Debug|Any CPU
		{5E370439-63EA-414E-9AC1-478B4B65BC5A}.Debug|Any CPU.Build.0 = Debug|Any CPU
		{5E370439-63EA-414E-9AC1-478B4B65BC5A}.Release|Any CPU.ActiveCfg = Release|Any CPU
		{5E370439-63EA-414E-9AC1-478B4B65BC5A}.Release|Any CPU.Build.0 = Release|Any CPU
		{FA2E84B7-EF0F-4C12-86B8-54496460F62B}.Debug|Any CPU.ActiveCfg = Debug|Any CPU
		{FA2E84B7-EF0F-4C12-86B8-54496460F62B}.Debug|Any CPU.Build.0 = Debug|Any CPU
		{FA2E84B7-EF0F-4C12-86B8-54496460F62B}.Release|Any CPU.ActiveCfg = Release|Any CPU
		{FA2E84B7-EF0F-4C12-86B8-54496460F62B}.Release|Any CPU.Build.0 = Release|Any CPU
		{372A8254-CE13-4505-9207-D7CA1F362DAA}.Debug|Any CPU.ActiveCfg = Debug|Any CPU
		{372A8254-CE13-4505-9207-D7CA1F362DAA}.Debug|Any CPU.Build.0 = Debug|Any CPU
		{372A8254-CE13-4505-9207-D7CA1F362DAA}.Release|Any CPU.ActiveCfg = Release|Any CPU
		{372A8254-CE13-4505-9207-D7CA1F362DAA}.Release|Any CPU.Build.0 = Release|Any CPU
	EndGlobalSection
	GlobalSection(SolutionProperties) = preSolution
		HideSolutionNode = FALSE
	EndGlobalSection
	GlobalSection(ExtensibilityGlobals) = postSolution
		SolutionGuid = {CF9524D2-FAF7-4670-9E93-0E08EE2124B8}
	EndGlobalSection
EndGlobal
