
Microsoft Visual Studio Solution File, Format Version 12.00
# Visual Studio Version 16
VisualStudioVersion = 16.0.29519.87
MinimumVisualStudioVersion = 10.0.40219.1
Project("{FAE04EC0-301F-11D3-BF4B-00C04F79EFBC}") = "20.02.2020", "20.02.2020\20.02.2020.csproj", "{D1DCFBAE-1FF3-4443-812D-BC3718B0268E}"
EndProject
Global
	GlobalSection(SolutionConfigurationPlatforms) = preSolution
		Debug|Any CPU = Debug|Any CPU
		Release|Any CPU = Release|Any CPU
	EndGlobalSection
	GlobalSection(ProjectConfigurationPlatforms) = postSolution
		{D1DCFBAE-1FF3-4443-812D-BC3718B0268E}.Debug|Any CPU.ActiveCfg = Debug|Any CPU
		{D1DCFBAE-1FF3-4443-812D-BC3718B0268E}.Debug|Any CPU.Build.0 = Debug|Any CPU
		{D1DCFBAE-1FF3-4443-812D-BC3718B0268E}.Release|Any CPU.ActiveCfg = Release|Any CPU
		{D1DCFBAE-1FF3-4443-812D-BC3718B0268E}.Release|Any CPU.Build.0 = Release|Any CPU
	EndGlobalSection
	GlobalSection(SolutionProperties) = preSolution
		HideSolutionNode = FALSE
	EndGlobalSection
	GlobalSection(ExtensibilityGlobals) = postSolution
		SolutionGuid = {2B236427-FB60-4AD1-BE92-0E868915671E}
	EndGlobalSection
EndGlobal
