
Microsoft Visual Studio Solution File, Format Version 12.00
# Visual Studio Version 16
VisualStudioVersion = 16.0.29519.87
MinimumVisualStudioVersion = 10.0.40219.1
Project("{FAE04EC0-301F-11D3-BF4B-00C04F79EFBC}") = "27.02.2020", "27.02.2020\27.02.2020.csproj", "{BDA7CD2F-6A83-493C-AC33-15DB468FAA39}"
EndProject
Global
	GlobalSection(SolutionConfigurationPlatforms) = preSolution
		Debug|Any CPU = Debug|Any CPU
		Release|Any CPU = Release|Any CPU
	EndGlobalSection
	GlobalSection(ProjectConfigurationPlatforms) = postSolution
		{BDA7CD2F-6A83-493C-AC33-15DB468FAA39}.Debug|Any CPU.ActiveCfg = Debug|Any CPU
		{BDA7CD2F-6A83-493C-AC33-15DB468FAA39}.Debug|Any CPU.Build.0 = Debug|Any CPU
		{BDA7CD2F-6A83-493C-AC33-15DB468FAA39}.Release|Any CPU.ActiveCfg = Release|Any CPU
		{BDA7CD2F-6A83-493C-AC33-15DB468FAA39}.Release|Any CPU.Build.0 = Release|Any CPU
	EndGlobalSection
	GlobalSection(SolutionProperties) = preSolution
		HideSolutionNode = FALSE
	EndGlobalSection
	GlobalSection(ExtensibilityGlobals) = postSolution
		SolutionGuid = {476DE489-532C-4320-BB33-3A5AF5992232}
	EndGlobalSection
EndGlobal
